
Microsoft Visual Studio Solution File, Format Version 12.00
# Visual Studio Version 17
VisualStudioVersion = 17.5.33516.290
MinimumVisualStudioVersion = 10.0.40219.1
Project("{2150E333-8FDC-42A3-9474-1A3956D46DE8}") = "Services", "Services", "{A2482DF1-005D-4366-93E2-581502DE8A5F}"
EndProject
Project("{2150E333-8FDC-42A3-9474-1A3956D46DE8}") = "Catalog", "Catalog", "{603FB6AC-E5FB-4C06-88A9-96652D2014A4}"
EndProject
Project("{FAE04EC0-301F-11D3-BF4B-00C04F79EFBC}") = "Catalog.API", "Services\Catalog\Catalog.API\Catalog.API.csproj", "{0D9A261E-DB33-4D2A-85F5-9BDD726AFFEB}"
EndProject
Global
	GlobalSection(SolutionConfigurationPlatforms) = preSolution
		Debug|Any CPU = Debug|Any CPU
		Release|Any CPU = Release|Any CPU
	EndGlobalSection
	GlobalSection(ProjectConfigurationPlatforms) = postSolution
		{0D9A261E-DB33-4D2A-85F5-9BDD726AFFEB}.Debug|Any CPU.ActiveCfg = Debug|Any CPU
		{0D9A261E-DB33-4D2A-85F5-9BDD726AFFEB}.Debug|Any CPU.Build.0 = Debug|Any CPU
		{0D9A261E-DB33-4D2A-85F5-9BDD726AFFEB}.Release|Any CPU.ActiveCfg = Release|Any CPU
		{0D9A261E-DB33-4D2A-85F5-9BDD726AFFEB}.Release|Any CPU.Build.0 = Release|Any CPU
	EndGlobalSection
	GlobalSection(SolutionProperties) = preSolution
		HideSolutionNode = FALSE
	EndGlobalSection
	GlobalSection(NestedProjects) = preSolution
		{603FB6AC-E5FB-4C06-88A9-96652D2014A4} = {A2482DF1-005D-4366-93E2-581502DE8A5F}
		{0D9A261E-DB33-4D2A-85F5-9BDD726AFFEB} = {603FB6AC-E5FB-4C06-88A9-96652D2014A4}
	EndGlobalSection
	GlobalSection(ExtensibilityGlobals) = postSolution
		SolutionGuid = {5015B0B0-A26C-4BE1-A597-20B52EDBC25A}
	EndGlobalSection
EndGlobal
